// !$*UTF8*$!
{
	archiveVersion = 1;
	classes = {
	};
	objectVersion = 51;
	objects = {

/* Begin PBXBuildFile section */
		E24F074122BD9E12006CD102 /* Config.swift in Sources */ = {isa = PBXBuildFile; fileRef = E24F074022BD9E11006CD102 /* Config.swift */; };
		E24F074422BE82F2006CD102 /* PhotosPresenter.swift in Sources */ = {isa = PBXBuildFile; fileRef = E24F074322BE82F2006CD102 /* PhotosPresenter.swift */; };
		E24F074622BE8344006CD102 /* PhotosService.swift in Sources */ = {isa = PBXBuildFile; fileRef = E24F074522BE8344006CD102 /* PhotosService.swift */; };
		E24F074822BE8417006CD102 /* PhotosView.swift in Sources */ = {isa = PBXBuildFile; fileRef = E24F074722BE8417006CD102 /* PhotosView.swift */; };
		E24F074C22BE890A006CD102 /* GroupsPresenter.swift in Sources */ = {isa = PBXBuildFile; fileRef = E24F074B22BE890A006CD102 /* GroupsPresenter.swift */; };
		E24F074E22BE8959006CD102 /* GroupsService.swift in Sources */ = {isa = PBXBuildFile; fileRef = E24F074D22BE8959006CD102 /* GroupsService.swift */; };
		E24F075022BE895F006CD102 /* GroupsView.swift in Sources */ = {isa = PBXBuildFile; fileRef = E24F074F22BE895F006CD102 /* GroupsView.swift */; };
		E24F075222BE9D13006CD102 /* photos.json in Resources */ = {isa = PBXBuildFile; fileRef = E24F075122BE9D13006CD102 /* photos.json */; };
		E24F075A22BE9D9C006CD102 /* FlickerTests.swift in Sources */ = {isa = PBXBuildFile; fileRef = E24F075922BE9D9C006CD102 /* FlickerTests.swift */; };
		E24F076222BEA2FC006CD102 /* groups.json in Resources */ = {isa = PBXBuildFile; fileRef = E24F076122BEA2FC006CD102 /* groups.json */; };
		E24F078422BECBF4006CD102 /* GroupCell.xib in Resources */ = {isa = PBXBuildFile; fileRef = E24F078322BECBF4006CD102 /* GroupCell.xib */; };
		E24F078722BECD9E006CD102 /* UIViewController+Extension.swift in Sources */ = {isa = PBXBuildFile; fileRef = E24F078622BECD9E006CD102 /* UIViewController+Extension.swift */; };
		E50F492695016A2D13AE064A /* Pods_Flicker.framework in Frameworks */ = {isa = PBXBuildFile; fileRef = E2B8C34359A2169691690F7F /* Pods_Flicker.framework */; };
		ED0073CD22B963E900CE606F /* GroupsVC.swift in Sources */ = {isa = PBXBuildFile; fileRef = ED0073CC22B963E900CE606F /* GroupsVC.swift */; };
		ED0073D122B9644500CE606F /* GroupCell.swift in Sources */ = {isa = PBXBuildFile; fileRef = ED0073D022B9644500CE606F /* GroupCell.swift */; };
		ED0073D722B967CB00CE606F /* PhotoCell.swift in Sources */ = {isa = PBXBuildFile; fileRef = ED0073D522B967CB00CE606F /* PhotoCell.swift */; };
		ED0073D822B967CB00CE606F /* PhotoCell.xib in Resources */ = {isa = PBXBuildFile; fileRef = ED0073D622B967CB00CE606F /* PhotoCell.xib */; };
		ED0073DB22B96F9A00CE606F /* URLs.swift in Sources */ = {isa = PBXBuildFile; fileRef = ED0073DA22B96F9A00CE606F /* URLs.swift */; };
		ED0073DF22B9739700CE606F /* Photo.swift in Sources */ = {isa = PBXBuildFile; fileRef = ED0073DE22B9739700CE606F /* Photo.swift */; };
		EDE654C522BA7DB900856F12 /* Group.swift in Sources */ = {isa = PBXBuildFile; fileRef = EDE654C422BA7DB900856F12 /* Group.swift */; };
		EDFB20B922B6C1D300C48DF3 /* AppDelegate.swift in Sources */ = {isa = PBXBuildFile; fileRef = EDFB20B822B6C1D300C48DF3 /* AppDelegate.swift */; };
		EDFB20BE22B6C1D300C48DF3 /* Main.storyboard in Resources */ = {isa = PBXBuildFile; fileRef = EDFB20BC22B6C1D300C48DF3 /* Main.storyboard */; };
		EDFB20C022B6C1D500C48DF3 /* Assets.xcassets in Resources */ = {isa = PBXBuildFile; fileRef = EDFB20BF22B6C1D500C48DF3 /* Assets.xcassets */; };
		EDFB20C322B6C1D500C48DF3 /* LaunchScreen.storyboard in Resources */ = {isa = PBXBuildFile; fileRef = EDFB20C122B6C1D500C48DF3 /* LaunchScreen.storyboard */; };
		EDFB20D122B6D3B000C48DF3 /* PhotosVC.swift in Sources */ = {isa = PBXBuildFile; fileRef = EDFB20D022B6D3B000C48DF3 /* PhotosVC.swift */; };
/* End PBXBuildFile section */

/* Begin PBXContainerItemProxy section */
		E24F075C22BE9D9C006CD102 /* PBXContainerItemProxy */ = {
			isa = PBXContainerItemProxy;
			containerPortal = EDFB20AD22B6C1D300C48DF3 /* Project object */;
			proxyType = 1;
			remoteGlobalIDString = EDFB20B422B6C1D300C48DF3;
			remoteInfo = Flicker;
		};
/* End PBXContainerItemProxy section */

/* Begin PBXFileReference section */
		1860B5F781DB6E2D64AB49C4 /* Pods-Flicker.release.xcconfig */ = {isa = PBXFileReference; includeInIndex = 1; lastKnownFileType = text.xcconfig; name = "Pods-Flicker.release.xcconfig"; path = "Target Support Files/Pods-Flicker/Pods-Flicker.release.xcconfig"; sourceTree = "<group>"; };
		5BFB52E7E4054CF0047A5652 /* Pods-Flicker.debug.xcconfig */ = {isa = PBXFileReference; includeInIndex = 1; lastKnownFileType = text.xcconfig; name = "Pods-Flicker.debug.xcconfig"; path = "Target Support Files/Pods-Flicker/Pods-Flicker.debug.xcconfig"; sourceTree = "<group>"; };
		E24F074022BD9E11006CD102 /* Config.swift */ = {isa = PBXFileReference; lastKnownFileType = sourcecode.swift; path = Config.swift; sourceTree = "<group>"; };
		E24F074322BE82F2006CD102 /* PhotosPresenter.swift */ = {isa = PBXFileReference; lastKnownFileType = sourcecode.swift; path = PhotosPresenter.swift; sourceTree = "<group>"; };
		E24F074522BE8344006CD102 /* PhotosService.swift */ = {isa = PBXFileReference; lastKnownFileType = sourcecode.swift; path = PhotosService.swift; sourceTree = "<group>"; };
		E24F074722BE8417006CD102 /* PhotosView.swift */ = {isa = PBXFileReference; lastKnownFileType = sourcecode.swift; path = PhotosView.swift; sourceTree = "<group>"; };
		E24F074B22BE890A006CD102 /* GroupsPresenter.swift */ = {isa = PBXFileReference; lastKnownFileType = sourcecode.swift; path = GroupsPresenter.swift; sourceTree = "<group>"; };
		E24F074D22BE8959006CD102 /* GroupsService.swift */ = {isa = PBXFileReference; lastKnownFileType = sourcecode.swift; path = GroupsService.swift; sourceTree = "<group>"; };
		E24F074F22BE895F006CD102 /* GroupsView.swift */ = {isa = PBXFileReference; lastKnownFileType = sourcecode.swift; path = GroupsView.swift; sourceTree = "<group>"; };
		E24F075122BE9D13006CD102 /* photos.json */ = {isa = PBXFileReference; lastKnownFileType = text.json; path = photos.json; sourceTree = "<group>"; };
		E24F075722BE9D9C006CD102 /* FlickerTests.xctest */ = {isa = PBXFileReference; explicitFileType = wrapper.cfbundle; includeInIndex = 0; path = FlickerTests.xctest; sourceTree = BUILT_PRODUCTS_DIR; };
		E24F075922BE9D9C006CD102 /* FlickerTests.swift */ = {isa = PBXFileReference; lastKnownFileType = sourcecode.swift; path = FlickerTests.swift; sourceTree = "<group>"; };
		E24F075B22BE9D9C006CD102 /* Info.plist */ = {isa = PBXFileReference; lastKnownFileType = text.plist.xml; path = Info.plist; sourceTree = "<group>"; };
		E24F076122BEA2FC006CD102 /* groups.json */ = {isa = PBXFileReference; lastKnownFileType = text.json; path = groups.json; sourceTree = "<group>"; };
		E24F078322BECBF4006CD102 /* GroupCell.xib */ = {isa = PBXFileReference; lastKnownFileType = file.xib; path = GroupCell.xib; sourceTree = "<group>"; };
		E24F078622BECD9E006CD102 /* UIViewController+Extension.swift */ = {isa = PBXFileReference; lastKnownFileType = sourcecode.swift; path = "UIViewController+Extension.swift"; sourceTree = "<group>"; };
		E2B8C34359A2169691690F7F /* Pods_Flicker.framework */ = {isa = PBXFileReference; explicitFileType = wrapper.framework; includeInIndex = 0; path = Pods_Flicker.framework; sourceTree = BUILT_PRODUCTS_DIR; };
		ED0073CC22B963E900CE606F /* GroupsVC.swift */ = {isa = PBXFileReference; lastKnownFileType = sourcecode.swift; path = GroupsVC.swift; sourceTree = "<group>"; };
		ED0073D022B9644500CE606F /* GroupCell.swift */ = {isa = PBXFileReference; lastKnownFileType = sourcecode.swift; path = GroupCell.swift; sourceTree = "<group>"; };
		ED0073D522B967CB00CE606F /* PhotoCell.swift */ = {isa = PBXFileReference; lastKnownFileType = sourcecode.swift; path = PhotoCell.swift; sourceTree = "<group>"; };
		ED0073D622B967CB00CE606F /* PhotoCell.xib */ = {isa = PBXFileReference; lastKnownFileType = file.xib; path = PhotoCell.xib; sourceTree = "<group>"; };
		ED0073DA22B96F9A00CE606F /* URLs.swift */ = {isa = PBXFileReference; lastKnownFileType = sourcecode.swift; path = URLs.swift; sourceTree = "<group>"; };
		ED0073DE22B9739700CE606F /* Photo.swift */ = {isa = PBXFileReference; lastKnownFileType = sourcecode.swift; path = Photo.swift; sourceTree = "<group>"; };
		EDE654C422BA7DB900856F12 /* Group.swift */ = {isa = PBXFileReference; fileEncoding = 4; lastKnownFileType = sourcecode.swift; path = Group.swift; sourceTree = "<group>"; };
		EDFB20B522B6C1D300C48DF3 /* Flicker.app */ = {isa = PBXFileReference; explicitFileType = wrapper.application; includeInIndex = 0; path = Flicker.app; sourceTree = BUILT_PRODUCTS_DIR; };
		EDFB20B822B6C1D300C48DF3 /* AppDelegate.swift */ = {isa = PBXFileReference; lastKnownFileType = sourcecode.swift; path = AppDelegate.swift; sourceTree = "<group>"; };
		EDFB20BD22B6C1D300C48DF3 /* Base */ = {isa = PBXFileReference; lastKnownFileType = file.storyboard; name = Base; path = Base.lproj/Main.storyboard; sourceTree = "<group>"; };
		EDFB20BF22B6C1D500C48DF3 /* Assets.xcassets */ = {isa = PBXFileReference; lastKnownFileType = folder.assetcatalog; path = Assets.xcassets; sourceTree = "<group>"; };
		EDFB20C222B6C1D500C48DF3 /* Base */ = {isa = PBXFileReference; lastKnownFileType = file.storyboard; name = Base; path = Base.lproj/LaunchScreen.storyboard; sourceTree = "<group>"; };
		EDFB20C422B6C1D500C48DF3 /* Info.plist */ = {isa = PBXFileReference; lastKnownFileType = text.plist.xml; path = Info.plist; sourceTree = "<group>"; };
		EDFB20D022B6D3B000C48DF3 /* PhotosVC.swift */ = {isa = PBXFileReference; lastKnownFileType = sourcecode.swift; path = PhotosVC.swift; sourceTree = "<group>"; };
/* End PBXFileReference section */

/* Begin PBXFrameworksBuildPhase section */
		E24F075422BE9D9C006CD102 /* Frameworks */ = {
			isa = PBXFrameworksBuildPhase;
			buildActionMask = 2147483647;
			files = (
			);
			runOnlyForDeploymentPostprocessing = 0;
		};
		EDFB20B222B6C1D300C48DF3 /* Frameworks */ = {
			isa = PBXFrameworksBuildPhase;
			buildActionMask = 2147483647;
			files = (
				E50F492695016A2D13AE064A /* Pods_Flicker.framework in Frameworks */,
			);
			runOnlyForDeploymentPostprocessing = 0;
		};
/* End PBXFrameworksBuildPhase section */

/* Begin PBXGroup section */
		242423CB8AFCC597CC768CD9 /* Frameworks */ = {
			isa = PBXGroup;
			children = (
				E2B8C34359A2169691690F7F /* Pods_Flicker.framework */,
			);
			name = Frameworks;
			sourceTree = "<group>";
		};
		E24F074222BE82D6006CD102 /* Presenter */ = {
			isa = PBXGroup;
			children = (
				E24F074A22BE88F7006CD102 /* Groups */,
				E24F074922BE88EE006CD102 /* Photos */,
			);
			path = Presenter;
			sourceTree = "<group>";
		};
		E24F074922BE88EE006CD102 /* Photos */ = {
			isa = PBXGroup;
			children = (
				E24F074322BE82F2006CD102 /* PhotosPresenter.swift */,
				E24F074522BE8344006CD102 /* PhotosService.swift */,
				E24F074722BE8417006CD102 /* PhotosView.swift */,
			);
			path = Photos;
			sourceTree = "<group>";
		};
		E24F074A22BE88F7006CD102 /* Groups */ = {
			isa = PBXGroup;
			children = (
				E24F074B22BE890A006CD102 /* GroupsPresenter.swift */,
				E24F074D22BE8959006CD102 /* GroupsService.swift */,
				E24F074F22BE895F006CD102 /* GroupsView.swift */,
			);
			path = Groups;
			sourceTree = "<group>";
		};
		E24F075822BE9D9C006CD102 /* FlickerTests */ = {
			isa = PBXGroup;
			children = (
				E24F075922BE9D9C006CD102 /* FlickerTests.swift */,
				E24F075B22BE9D9C006CD102 /* Info.plist */,
			);
			path = FlickerTests;
			sourceTree = "<group>";
		};
		E24F078522BECD90006CD102 /* Extensions */ = {
			isa = PBXGroup;
			children = (
				E24F078622BECD9E006CD102 /* UIViewController+Extension.swift */,
			);
			path = Extensions;
			sourceTree = "<group>";
		};
		ED0073C422B95D2200CE606F /* View */ = {
			isa = PBXGroup;
			children = (
				ED0073CF22B9641100CE606F /* Group */,
				ED0073CE22B9640400CE606F /* Photo */,
			);
			path = View;
			sourceTree = "<group>";
		};
		ED0073C522B95DC300CE606F /* Model */ = {
			isa = PBXGroup;
			children = (
				ED0073DE22B9739700CE606F /* Photo.swift */,
				EDE654C422BA7DB900856F12 /* Group.swift */,
			);
			path = Model;
			sourceTree = "<group>";
		};
		ED0073C722B9621700CE606F /* StoryBoard */ = {
			isa = PBXGroup;
			children = (
				ED0073C922B962E000CE606F /* Main */,
				ED0073CA22B962F700CE606F /* Launch */,
			);
			path = StoryBoard;
			sourceTree = "<group>";
		};
		ED0073C922B962E000CE606F /* Main */ = {
			isa = PBXGroup;
			children = (
				EDFB20BC22B6C1D300C48DF3 /* Main.storyboard */,
			);
			path = Main;
			sourceTree = "<group>";
		};
		ED0073CA22B962F700CE606F /* Launch */ = {
			isa = PBXGroup;
			children = (
				EDFB20C122B6C1D500C48DF3 /* LaunchScreen.storyboard */,
			);
			path = Launch;
			sourceTree = "<group>";
		};
		ED0073CE22B9640400CE606F /* Photo */ = {
			isa = PBXGroup;
			children = (
				EDFB20D022B6D3B000C48DF3 /* PhotosVC.swift */,
				ED0073D522B967CB00CE606F /* PhotoCell.swift */,
				ED0073D622B967CB00CE606F /* PhotoCell.xib */,
			);
			path = Photo;
			sourceTree = "<group>";
		};
		ED0073CF22B9641100CE606F /* Group */ = {
			isa = PBXGroup;
			children = (
				ED0073CC22B963E900CE606F /* GroupsVC.swift */,
				ED0073D022B9644500CE606F /* GroupCell.swift */,
				E24F078322BECBF4006CD102 /* GroupCell.xib */,
			);
			path = Group;
			sourceTree = "<group>";
		};
		EDFB20AC22B6C1D300C48DF3 = {
			isa = PBXGroup;
			children = (
				EDFB20B722B6C1D300C48DF3 /* Flicker */,
				E24F075822BE9D9C006CD102 /* FlickerTests */,
				EDFB20B622B6C1D300C48DF3 /* Products */,
				FA2E147D528BB6248BE7B79A /* Pods */,
				242423CB8AFCC597CC768CD9 /* Frameworks */,
			);
			sourceTree = "<group>";
		};
		EDFB20B622B6C1D300C48DF3 /* Products */ = {
			isa = PBXGroup;
			children = (
				EDFB20B522B6C1D300C48DF3 /* Flicker.app */,
				E24F075722BE9D9C006CD102 /* FlickerTests.xctest */,
			);
			name = Products;
			sourceTree = "<group>";
		};
		EDFB20B722B6C1D300C48DF3 /* Flicker */ = {
			isa = PBXGroup;
			children = (
				EDFB20B822B6C1D300C48DF3 /* AppDelegate.swift */,
				E24F074022BD9E11006CD102 /* Config.swift */,
				ED0073DA22B96F9A00CE606F /* URLs.swift */,
				E24F078522BECD90006CD102 /* Extensions */,
				ED0073C522B95DC300CE606F /* Model */,
				ED0073C422B95D2200CE606F /* View */,
				E24F074222BE82D6006CD102 /* Presenter */,
				ED0073C722B9621700CE606F /* StoryBoard */,
				EDFB20BF22B6C1D500C48DF3 /* Assets.xcassets */,
				EDFB20C422B6C1D500C48DF3 /* Info.plist */,
				E24F075122BE9D13006CD102 /* photos.json */,
				E24F076122BEA2FC006CD102 /* groups.json */,
			);
			path = Flicker;
			sourceTree = "<group>";
		};
		FA2E147D528BB6248BE7B79A /* Pods */ = {
			isa = PBXGroup;
			children = (
				5BFB52E7E4054CF0047A5652 /* Pods-Flicker.debug.xcconfig */,
				1860B5F781DB6E2D64AB49C4 /* Pods-Flicker.release.xcconfig */,
			);
			path = Pods;
			sourceTree = "<group>";
		};
/* End PBXGroup section */

/* Begin PBXNativeTarget section */
		E24F075622BE9D9C006CD102 /* FlickerTests */ = {
			isa = PBXNativeTarget;
			buildConfigurationList = E24F075E22BE9D9C006CD102 /* Build configuration list for PBXNativeTarget "FlickerTests" */;
			buildPhases = (
				E24F075322BE9D9C006CD102 /* Sources */,
				E24F075422BE9D9C006CD102 /* Frameworks */,
				E24F075522BE9D9C006CD102 /* Resources */,
			);
			buildRules = (
			);
			dependencies = (
				E24F075D22BE9D9C006CD102 /* PBXTargetDependency */,
			);
			name = FlickerTests;
			productName = FlickerTests;
			productReference = E24F075722BE9D9C006CD102 /* FlickerTests.xctest */;
			productType = "com.apple.product-type.bundle.unit-test";
		};
		EDFB20B422B6C1D300C48DF3 /* Flicker */ = {
			isa = PBXNativeTarget;
			buildConfigurationList = EDFB20C722B6C1D500C48DF3 /* Build configuration list for PBXNativeTarget "Flicker" */;
			buildPhases = (
				2544D76F9C0A3260096FF1DB /* [CP] Check Pods Manifest.lock */,
				EDFB20B122B6C1D300C48DF3 /* Sources */,
				EDFB20B222B6C1D300C48DF3 /* Frameworks */,
				EDFB20B322B6C1D300C48DF3 /* Resources */,
				A48AF7EBA9AA97E5260D6FE1 /* [CP] Embed Pods Frameworks */,
			);
			buildRules = (
			);
			dependencies = (
			);
			name = Flicker;
			productName = Flicker;
			productReference = EDFB20B522B6C1D300C48DF3 /* Flicker.app */;
			productType = "com.apple.product-type.application";
		};
/* End PBXNativeTarget section */

/* Begin PBXProject section */
		EDFB20AD22B6C1D300C48DF3 /* Project object */ = {
			isa = PBXProject;
			attributes = {
				LastSwiftUpdateCheck = 1020;
				LastUpgradeCheck = 1010;
				ORGANIZATIONNAME = "Amr fawzy";
				TargetAttributes = {
					E24F075622BE9D9C006CD102 = {
						CreatedOnToolsVersion = 10.2.1;
						TestTargetID = EDFB20B422B6C1D300C48DF3;
					};
					EDFB20B422B6C1D300C48DF3 = {
						CreatedOnToolsVersion = 10.1;
					};
				};
			};
			buildConfigurationList = EDFB20B022B6C1D300C48DF3 /* Build configuration list for PBXProject "Flicker" */;
			compatibilityVersion = "Xcode 9.3";
			developmentRegion = en;
			hasScannedForEncodings = 0;
			knownRegions = (
				en,
				Base,
			);
			mainGroup = EDFB20AC22B6C1D300C48DF3;
			productRefGroup = EDFB20B622B6C1D300C48DF3 /* Products */;
			projectDirPath = "";
			projectRoot = "";
			targets = (
				EDFB20B422B6C1D300C48DF3 /* Flicker */,
				E24F075622BE9D9C006CD102 /* FlickerTests */,
			);
		};
/* End PBXProject section */

/* Begin PBXResourcesBuildPhase section */
		E24F075522BE9D9C006CD102 /* Resources */ = {
			isa = PBXResourcesBuildPhase;
			buildActionMask = 2147483647;
			files = (
			);
			runOnlyForDeploymentPostprocessing = 0;
		};
		EDFB20B322B6C1D300C48DF3 /* Resources */ = {
			isa = PBXResourcesBuildPhase;
			buildActionMask = 2147483647;
			files = (
				ED0073D822B967CB00CE606F /* PhotoCell.xib in Resources */,
				E24F076222BEA2FC006CD102 /* groups.json in Resources */,
				E24F075222BE9D13006CD102 /* photos.json in Resources */,
				EDFB20C322B6C1D500C48DF3 /* LaunchScreen.storyboard in Resources */,
				EDFB20C022B6C1D500C48DF3 /* Assets.xcassets in Resources */,
				E24F078422BECBF4006CD102 /* GroupCell.xib in Resources */,
				EDFB20BE22B6C1D300C48DF3 /* Main.storyboard in Resources */,
			);
			runOnlyForDeploymentPostprocessing = 0;
		};
/* End PBXResourcesBuildPhase section */

/* Begin PBXShellScriptBuildPhase section */
		2544D76F9C0A3260096FF1DB /* [CP] Check Pods Manifest.lock */ = {
			isa = PBXShellScriptBuildPhase;
			buildActionMask = 2147483647;
			files = (
			);
			inputFileListPaths = (
			);
			inputPaths = (
				"${PODS_PODFILE_DIR_PATH}/Podfile.lock",
				"${PODS_ROOT}/Manifest.lock",
			);
			name = "[CP] Check Pods Manifest.lock";
			outputFileListPaths = (
			);
			outputPaths = (
				"$(DERIVED_FILE_DIR)/Pods-Flicker-checkManifestLockResult.txt",
			);
			runOnlyForDeploymentPostprocessing = 0;
			shellPath = /bin/sh;
			shellScript = "diff \"${PODS_PODFILE_DIR_PATH}/Podfile.lock\" \"${PODS_ROOT}/Manifest.lock\" > /dev/null\nif [ $? != 0 ] ; then\n    # print error to STDERR\n    echo \"error: The sandbox is not in sync with the Podfile.lock. Run 'pod install' or update your CocoaPods installation.\" >&2\n    exit 1\nfi\n# This output is used by Xcode 'outputs' to avoid re-running this script phase.\necho \"SUCCESS\" > \"${SCRIPT_OUTPUT_FILE_0}\"\n";
			showEnvVarsInLog = 0;
		};
		A48AF7EBA9AA97E5260D6FE1 /* [CP] Embed Pods Frameworks */ = {
			isa = PBXShellScriptBuildPhase;
			buildActionMask = 2147483647;
			files = (
			);
			inputFileListPaths = (
				"${PODS_ROOT}/Target Support Files/Pods-Flicker/Pods-Flicker-frameworks-${CONFIGURATION}-input-files.xcfilelist",
			);
			name = "[CP] Embed Pods Frameworks";
			outputFileListPaths = (
				"${PODS_ROOT}/Target Support Files/Pods-Flicker/Pods-Flicker-frameworks-${CONFIGURATION}-output-files.xcfilelist",
			);
			runOnlyForDeploymentPostprocessing = 0;
			shellPath = /bin/sh;
			shellScript = "\"${PODS_ROOT}/Target Support Files/Pods-Flicker/Pods-Flicker-frameworks.sh\"\n";
			showEnvVarsInLog = 0;
		};
/* End PBXShellScriptBuildPhase section */

/* Begin PBXSourcesBuildPhase section */
		E24F075322BE9D9C006CD102 /* Sources */ = {
			isa = PBXSourcesBuildPhase;
			buildActionMask = 2147483647;
			files = (
				E24F075A22BE9D9C006CD102 /* FlickerTests.swift in Sources */,
			);
			runOnlyForDeploymentPostprocessing = 0;
		};
		EDFB20B122B6C1D300C48DF3 /* Sources */ = {
			isa = PBXSourcesBuildPhase;
			buildActionMask = 2147483647;
			files = (
				E24F078722BECD9E006CD102 /* UIViewController+Extension.swift in Sources */,
				EDE654C522BA7DB900856F12 /* Group.swift in Sources */,
				E24F074E22BE8959006CD102 /* GroupsService.swift in Sources */,
				ED0073D122B9644500CE606F /* GroupCell.swift in Sources */,
				E24F074422BE82F2006CD102 /* PhotosPresenter.swift in Sources */,
				ED0073DB22B96F9A00CE606F /* URLs.swift in Sources */,
				E24F074C22BE890A006CD102 /* GroupsPresenter.swift in Sources */,
				E24F075022BE895F006CD102 /* GroupsView.swift in Sources */,
				E24F074622BE8344006CD102 /* PhotosService.swift in Sources */,
				E24F074822BE8417006CD102 /* PhotosView.swift in Sources */,
				EDFB20D122B6D3B000C48DF3 /* PhotosVC.swift in Sources */,
				ED0073D722B967CB00CE606F /* PhotoCell.swift in Sources */,
				ED0073DF22B9739700CE606F /* Photo.swift in Sources */,
				E24F074122BD9E12006CD102 /* Config.swift in Sources */,
				ED0073CD22B963E900CE606F /* GroupsVC.swift in Sources */,
				EDFB20B922B6C1D300C48DF3 /* AppDelegate.swift in Sources */,
			);
			runOnlyForDeploymentPostprocessing = 0;
		};
/* End PBXSourcesBuildPhase section */

/* Begin PBXTargetDependency section */
		E24F075D22BE9D9C006CD102 /* PBXTargetDependency */ = {
			isa = PBXTargetDependency;
			target = EDFB20B422B6C1D300C48DF3 /* Flicker */;
			targetProxy = E24F075C22BE9D9C006CD102 /* PBXContainerItemProxy */;
		};
/* End PBXTargetDependency section */

/* Begin PBXVariantGroup section */
		EDFB20BC22B6C1D300C48DF3 /* Main.storyboard */ = {
			isa = PBXVariantGroup;
			children = (
				EDFB20BD22B6C1D300C48DF3 /* Base */,
			);
			name = Main.storyboard;
			sourceTree = "<group>";
		};
		EDFB20C122B6C1D500C48DF3 /* LaunchScreen.storyboard */ = {
			isa = PBXVariantGroup;
			children = (
				EDFB20C222B6C1D500C48DF3 /* Base */,
			);
			name = LaunchScreen.storyboard;
			sourceTree = "<group>";
		};
/* End PBXVariantGroup section */

/* Begin XCBuildConfiguration section */
		E24F075F22BE9D9C006CD102 /* Debug */ = {
			isa = XCBuildConfiguration;
			buildSettings = {
				BUNDLE_LOADER = "$(TEST_HOST)";
				CODE_SIGN_STYLE = Automatic;
				INFOPLIST_FILE = FlickerTests/Info.plist;
				IPHONEOS_DEPLOYMENT_TARGET = 12.2;
				LD_RUNPATH_SEARCH_PATHS = (
					"$(inherited)",
					"@executable_path/Frameworks",
					"@loader_path/Frameworks",
				);
				PRODUCT_BUNDLE_IDENTIFIER = com.amr.FlickerTests;
				PRODUCT_NAME = "$(TARGET_NAME)";
				SWIFT_VERSION = 4.0;
				TARGETED_DEVICE_FAMILY = "1,2";
				TEST_HOST = "$(BUILT_PRODUCTS_DIR)/Flicker.app/Flicker";
			};
			name = Debug;
		};
		E24F076022BE9D9C006CD102 /* Release */ = {
			isa = XCBuildConfiguration;
			buildSettings = {
				BUNDLE_LOADER = "$(TEST_HOST)";
				CODE_SIGN_STYLE = Automatic;
				INFOPLIST_FILE = FlickerTests/Info.plist;
				IPHONEOS_DEPLOYMENT_TARGET = 12.2;
				LD_RUNPATH_SEARCH_PATHS = (
					"$(inherited)",
					"@executable_path/Frameworks",
					"@loader_path/Frameworks",
				);
				PRODUCT_BUNDLE_IDENTIFIER = com.amr.FlickerTests;
				PRODUCT_NAME = "$(TARGET_NAME)";
				SWIFT_VERSION = 4.0;
				TARGETED_DEVICE_FAMILY = "1,2";
				TEST_HOST = "$(BUILT_PRODUCTS_DIR)/Flicker.app/Flicker";
			};
			name = Release;
		};
		EDFB20C522B6C1D500C48DF3 /* Debug */ = {
			isa = XCBuildConfiguration;
			buildSettings = {
				ALWAYS_SEARCH_USER_PATHS = NO;
				CLANG_ANALYZER_NONNULL = YES;
				CLANG_ANALYZER_NUMBER_OBJECT_CONVERSION = YES_AGGRESSIVE;
				CLANG_CXX_LANGUAGE_STANDARD = "gnu++14";
				CLANG_CXX_LIBRARY = "libc++";
				CLANG_ENABLE_MODULES = YES;
				CLANG_ENABLE_OBJC_ARC = YES;
				CLANG_ENABLE_OBJC_WEAK = YES;
				CLANG_WARN_BLOCK_CAPTURE_AUTORELEASING = YES;
				CLANG_WARN_BOOL_CONVERSION = YES;
				CLANG_WARN_COMMA = YES;
				CLANG_WARN_CONSTANT_CONVERSION = YES;
				CLANG_WARN_DEPRECATED_OBJC_IMPLEMENTATIONS = YES;
				CLANG_WARN_DIRECT_OBJC_ISA_USAGE = YES_ERROR;
				CLANG_WARN_DOCUMENTATION_COMMENTS = YES;
				CLANG_WARN_EMPTY_BODY = YES;
				CLANG_WARN_ENUM_CONVERSION = YES;
				CLANG_WARN_INFINITE_RECURSION = YES;
				CLANG_WARN_INT_CONVERSION = YES;
				CLANG_WARN_NON_LITERAL_NULL_CONVERSION = YES;
				CLANG_WARN_OBJC_IMPLICIT_RETAIN_SELF = YES;
				CLANG_WARN_OBJC_LITERAL_CONVERSION = YES;
				CLANG_WARN_OBJC_ROOT_CLASS = YES_ERROR;
				CLANG_WARN_RANGE_LOOP_ANALYSIS = YES;
				CLANG_WARN_STRICT_PROTOTYPES = YES;
				CLANG_WARN_SUSPICIOUS_MOVE = YES;
				CLANG_WARN_UNGUARDED_AVAILABILITY = YES_AGGRESSIVE;
				CLANG_WARN_UNREACHABLE_CODE = YES;
				CLANG_WARN__DUPLICATE_METHOD_MATCH = YES;
				CODE_SIGN_IDENTITY = "iPhone Developer";
				COPY_PHASE_STRIP = NO;
				DEBUG_INFORMATION_FORMAT = dwarf;
				ENABLE_STRICT_OBJC_MSGSEND = YES;
				ENABLE_TESTABILITY = YES;
				GCC_C_LANGUAGE_STANDARD = gnu11;
				GCC_DYNAMIC_NO_PIC = NO;
				GCC_NO_COMMON_BLOCKS = YES;
				GCC_OPTIMIZATION_LEVEL = 0;
				GCC_PREPROCESSOR_DEFINITIONS = (
					"DEBUG=1",
					"$(inherited)",
				);
				GCC_WARN_64_TO_32_BIT_CONVERSION = YES;
				GCC_WARN_ABOUT_RETURN_TYPE = YES_ERROR;
				GCC_WARN_UNDECLARED_SELECTOR = YES;
				GCC_WARN_UNINITIALIZED_AUTOS = YES_AGGRESSIVE;
				GCC_WARN_UNUSED_FUNCTION = YES;
				GCC_WARN_UNUSED_VARIABLE = YES;
				IPHONEOS_DEPLOYMENT_TARGET = 12.1;
				MTL_ENABLE_DEBUG_INFO = INCLUDE_SOURCE;
				MTL_FAST_MATH = YES;
				ONLY_ACTIVE_ARCH = YES;
				SDKROOT = iphoneos;
				SWIFT_ACTIVE_COMPILATION_CONDITIONS = DEBUG;
				SWIFT_OPTIMIZATION_LEVEL = "-Onone";
			};
			name = Debug;
		};
		EDFB20C622B6C1D500C48DF3 /* Release */ = {
			isa = XCBuildConfiguration;
			buildSettings = {
				ALWAYS_SEARCH_USER_PATHS = NO;
				CLANG_ANALYZER_NONNULL = YES;
				CLANG_ANALYZER_NUMBER_OBJECT_CONVERSION = YES_AGGRESSIVE;
				CLANG_CXX_LANGUAGE_STANDARD = "gnu++14";
				CLANG_CXX_LIBRARY = "libc++";
				CLANG_ENABLE_MODULES = YES;
				CLANG_ENABLE_OBJC_ARC = YES;
				CLANG_ENABLE_OBJC_WEAK = YES;
				CLANG_WARN_BLOCK_CAPTURE_AUTORELEASING = YES;
				CLANG_WARN_BOOL_CONVERSION = YES;
				CLANG_WARN_COMMA = YES;
				CLANG_WARN_CONSTANT_CONVERSION = YES;
				CLANG_WARN_DEPRECATED_OBJC_IMPLEMENTATIONS = YES;
				CLANG_WARN_DIRECT_OBJC_ISA_USAGE = YES_ERROR;
				CLANG_WARN_DOCUMENTATION_COMMENTS = YES;
				CLANG_WARN_EMPTY_BODY = YES;
				CLANG_WARN_ENUM_CONVERSION = YES;
				CLANG_WARN_INFINITE_RECURSION = YES;
				CLANG_WARN_INT_CONVERSION = YES;
				CLANG_WARN_NON_LITERAL_NULL_CONVERSION = YES;
				CLANG_WARN_OBJC_IMPLICIT_RETAIN_SELF = YES;
				CLANG_WARN_OBJC_LITERAL_CONVERSION = YES;
				CLANG_WARN_OBJC_ROOT_CLASS = YES_ERROR;
				CLANG_WARN_RANGE_LOOP_ANALYSIS = YES;
				CLANG_WARN_STRICT_PROTOTYPES = YES;
				CLANG_WARN_SUSPICIOUS_MOVE = YES;
				CLANG_WARN_UNGUARDED_AVAILABILITY = YES_AGGRESSIVE;
				CLANG_WARN_UNREACHABLE_CODE = YES;
				CLANG_WARN__DUPLICATE_METHOD_MATCH = YES;
				CODE_SIGN_IDENTITY = "iPhone Developer";
				COPY_PHASE_STRIP = NO;
				DEBUG_INFORMATION_FORMAT = "dwarf-with-dsym";
				ENABLE_NS_ASSERTIONS = NO;
				ENABLE_STRICT_OBJC_MSGSEND = YES;
				GCC_C_LANGUAGE_STANDARD = gnu11;
				GCC_NO_COMMON_BLOCKS = YES;
				GCC_WARN_64_TO_32_BIT_CONVERSION = YES;
				GCC_WARN_ABOUT_RETURN_TYPE = YES_ERROR;
				GCC_WARN_UNDECLARED_SELECTOR = YES;
				GCC_WARN_UNINITIALIZED_AUTOS = YES_AGGRESSIVE;
				GCC_WARN_UNUSED_FUNCTION = YES;
				GCC_WARN_UNUSED_VARIABLE = YES;
				IPHONEOS_DEPLOYMENT_TARGET = 12.1;
				MTL_ENABLE_DEBUG_INFO = NO;
				MTL_FAST_MATH = YES;
				SDKROOT = iphoneos;
				SWIFT_COMPILATION_MODE = wholemodule;
				SWIFT_OPTIMIZATION_LEVEL = "-O";
				VALIDATE_PRODUCT = YES;
			};
			name = Release;
		};
		EDFB20C822B6C1D500C48DF3 /* Debug */ = {
			isa = XCBuildConfiguration;
			baseConfigurationReference = 5BFB52E7E4054CF0047A5652 /* Pods-Flicker.debug.xcconfig */;
			buildSettings = {
				ASSETCATALOG_COMPILER_APPICON_NAME = AppIcon;
				CODE_SIGN_STYLE = Automatic;
				INFOPLIST_FILE = Flicker/Info.plist;
				LD_RUNPATH_SEARCH_PATHS = (
					"$(inherited)",
					"@executable_path/Frameworks",
				);
				PRODUCT_BUNDLE_IDENTIFIER = com.amr.Flicker;
				PRODUCT_NAME = "$(TARGET_NAME)";
				SWIFT_VERSION = 4.0;
				TARGETED_DEVICE_FAMILY = "1,2";
			};
			name = Debug;
		};
		EDFB20C922B6C1D500C48DF3 /* Release */ = {
			isa = XCBuildConfiguration;
			baseConfigurationReference = 1860B5F781DB6E2D64AB49C4 /* Pods-Flicker.release.xcconfig */;
			buildSettings = {
				ASSETCATALOG_COMPILER_APPICON_NAME = AppIcon;
				CODE_SIGN_STYLE = Automatic;
				INFOPLIST_FILE = Flicker/Info.plist;
				LD_RUNPATH_SEARCH_PATHS = (
					"$(inherited)",
					"@executable_path/Frameworks",
				);
				PRODUCT_BUNDLE_IDENTIFIER = com.amr.Flicker;
				PRODUCT_NAME = "$(TARGET_NAME)";
				SWIFT_VERSION = 4.0;
				TARGETED_DEVICE_FAMILY = "1,2";
			};
			name = Release;
		};
/* End XCBuildConfiguration section */

/* Begin XCConfigurationList section */
		E24F075E22BE9D9C006CD102 /* Build configuration list for PBXNativeTarget "FlickerTests" */ = {
			isa = XCConfigurationList;
			buildConfigurations = (
				E24F075F22BE9D9C006CD102 /* Debug */,
				E24F076022BE9D9C006CD102 /* Release */,
			);
			defaultConfigurationIsVisible = 0;
			defaultConfigurationName = Release;
		};
		EDFB20B022B6C1D300C48DF3 /* Build configuration list for PBXProject "Flicker" */ = {
			isa = XCConfigurationList;
			buildConfigurations = (
				EDFB20C522B6C1D500C48DF3 /* Debug */,
				EDFB20C622B6C1D500C48DF3 /* Release */,
			);
			defaultConfigurationIsVisible = 0;
			defaultConfigurationName = Release;
		};
		EDFB20C722B6C1D500C48DF3 /* Build configuration list for PBXNativeTarget "Flicker" */ = {
			isa = XCConfigurationList;
			buildConfigurations = (
				EDFB20C822B6C1D500C48DF3 /* Debug */,
				EDFB20C922B6C1D500C48DF3 /* Release */,
			);
			defaultConfigurationIsVisible = 0;
			defaultConfigurationName = Release;
		};
/* End XCConfigurationList section */
	};
	rootObject = EDFB20AD22B6C1D300C48DF3 /* Project object */;
}
